
Microsoft Visual Studio Solution File, Format Version 12.00
# Visual Studio Version 17
VisualStudioVersion = 17.14.36221.1
MinimumVisualStudioVersion = 10.0.40219.1
Project("{FAE04EC0-301F-11D3-BF4B-00C04F79EFBC}") = "PipelineDemo", "PipelineDemo\PipelineDemo.csproj", "{E8DFCC4A-A995-48DD-9DE5-FF6B220AB071}"
EndProject
Project("{FAE04EC0-301F-11D3-BF4B-00C04F79EFBC}") = "PipelineNUnit", "PipelineNUnit\PipelineNUnit.csproj", "{2B5D7402-9F3A-4F41-9640-7B192EA99DA0}"
EndProject
Global
	GlobalSection(SolutionConfigurationPlatforms) = preSolution
		Debug|Any CPU = Debug|Any CPU
		Release|Any CPU = Release|Any CPU
	EndGlobalSection
	GlobalSection(ProjectConfigurationPlatforms) = postSolution
		{E8DFCC4A-A995-48DD-9DE5-FF6B220AB071}.Debug|Any CPU.ActiveCfg = Debug|Any CPU
		{E8DFCC4A-A995-48DD-9DE5-FF6B220AB071}.Debug|Any CPU.Build.0 = Debug|Any CPU
		{E8DFCC4A-A995-48DD-9DE5-FF6B220AB071}.Release|Any CPU.ActiveCfg = Release|Any CPU
		{E8DFCC4A-A995-48DD-9DE5-FF6B220AB071}.Release|Any CPU.Build.0 = Release|Any CPU
		{2B5D7402-9F3A-4F41-9640-7B192EA99DA0}.Debug|Any CPU.ActiveCfg = Debug|Any CPU
		{2B5D7402-9F3A-4F41-9640-7B192EA99DA0}.Debug|Any CPU.Build.0 = Debug|Any CPU
		{2B5D7402-9F3A-4F41-9640-7B192EA99DA0}.Release|Any CPU.ActiveCfg = Release|Any CPU
		{2B5D7402-9F3A-4F41-9640-7B192EA99DA0}.Release|Any CPU.Build.0 = Release|Any CPU
	EndGlobalSection
	GlobalSection(SolutionProperties) = preSolution
		HideSolutionNode = FALSE
	EndGlobalSection
	GlobalSection(ExtensibilityGlobals) = postSolution
		SolutionGuid = {FABB77B2-1FCB-479C-8C37-3B074A2EBF54}
	EndGlobalSection
EndGlobal
